
Microsoft Visual Studio Solution File, Format Version 12.00
# Visual Studio 15
VisualStudioVersion = 15.0.28307.106
MinimumVisualStudioVersion = 10.0.40219.1
Project("{8BC9CEB8-8B4A-11D0-8D11-00A0C91BC942}") = "funcTemplateTest01_mySortTempFunc", "funcTemplateTest01_mySortTempFunc\funcTemplateTest01_mySortTempFunc.vcxproj", "{6AC70D4D-588F-43BA-885A-61ED8AD1DB89}"
EndProject
Global
	GlobalSection(SolutionConfigurationPlatforms) = preSolution
		Debug|x64 = Debug|x64
		Debug|x86 = Debug|x86
		Release|x64 = Release|x64
		Release|x86 = Release|x86
	EndGlobalSection
	GlobalSection(ProjectConfigurationPlatforms) = postSolution
		{6AC70D4D-588F-43BA-885A-61ED8AD1DB89}.Debug|x64.ActiveCfg = Debug|x64
		{6AC70D4D-588F-43BA-885A-61ED8AD1DB89}.Debug|x64.Build.0 = Debug|x64
		{6AC70D4D-588F-43BA-885A-61ED8AD1DB89}.Debug|x86.ActiveCfg = Debug|Win32
		{6AC70D4D-588F-43BA-885A-61ED8AD1DB89}.Debug|x86.Build.0 = Debug|Win32
		{6AC70D4D-588F-43BA-885A-61ED8AD1DB89}.Release|x64.ActiveCfg = Release|x64
		{6AC70D4D-588F-43BA-885A-61ED8AD1DB89}.Release|x64.Build.0 = Release|x64
		{6AC70D4D-588F-43BA-885A-61ED8AD1DB89}.Release|x86.ActiveCfg = Release|Win32
		{6AC70D4D-588F-43BA-885A-61ED8AD1DB89}.Release|x86.Build.0 = Release|Win32
	EndGlobalSection
	GlobalSection(SolutionProperties) = preSolution
		HideSolutionNode = FALSE
	EndGlobalSection
	GlobalSection(ExtensibilityGlobals) = postSolution
		SolutionGuid = {78E02CFE-D77E-4BCD-A594-20AA2D83092B}
	EndGlobalSection
EndGlobal
