
Microsoft Visual Studio Solution File, Format Version 12.00
# Visual Studio 15
VisualStudioVersion = 15.0.28307.106
MinimumVisualStudioVersion = 10.0.40219.1
Project("{8BC9CEB8-8B4A-11D0-8D11-00A0C91BC942}") = "funcTemplateTest01_mySortTempFunc", "funcTemplateTest01_mySortTempFunc\funcTemplateTest01_mySortTempFunc.vcxproj", "{6AC70D4D-588F-43BA-885A-61ED8AD1DB89}"
EndProject
Project("{8BC9CEB8-8B4A-11D0-8D11-00A0C91BC942}") = "funcTemplateTest02_myCompare", "funcTemplateTest02_myCompare\funcTemplateTest02_myCompare.vcxproj", "{8047B669-C727-4209-85B8-557705E9421D}"
EndProject
Project("{8BC9CEB8-8B4A-11D0-8D11-00A0C91BC942}") = "classTemplateTest01_clsObjAsFuncParam", "classTemplateTest01_clsObjAsFuncParam\classTemplateTest01_clsObjAsFuncParam.vcxproj", "{8B72DD84-DEC1-4996-B8DE-EE4CE6A9738C}"
EndProject
Project("{8BC9CEB8-8B4A-11D0-8D11-00A0C91BC942}") = "classTemplateTest02_clsTempSplitFile", "classTemplateTest02_clsTempSplitFile\classTemplateTest02_clsTempSplitFile.vcxproj", "{34F313E8-3E74-4FCC-8EC5-1661169D2290}"
EndProject
Project("{8BC9CEB8-8B4A-11D0-8D11-00A0C91BC942}") = "classTemplateTest03_customArrCase", "classTemplateTest03_customArrCase\classTemplateTest03_customArrCase.vcxproj", "{5CAA1F78-2A74-4BC9-BB16-A555B9D076A6}"
EndProject
Project("{8BC9CEB8-8B4A-11D0-8D11-00A0C91BC942}") = "stlTest01_JudgeSystem", "stlTest01_JudgeSystem\stlTest01_JudgeSystem.vcxproj", "{EE9487FE-05F2-43C3-A987-ED1138E66712}"
EndProject
Project("{8BC9CEB8-8B4A-11D0-8D11-00A0C91BC942}") = "stlTest02_SetSort", "stlTest02_SetSort\stlTest02_SetSort.vcxproj", "{B9486801-09AF-481E-B570-A0B5C0E9896A}"
EndProject
Project("{8BC9CEB8-8B4A-11D0-8D11-00A0C91BC942}") = "stlTest03_StaffGrouping", "stlTest03_StaffGrouping\stlTest03_StaffGrouping.vcxproj", "{8742C188-ADA6-4B00-B841-B3AA6FC635A9}"
EndProject
Global
	GlobalSection(SolutionConfigurationPlatforms) = preSolution
		Debug|x64 = Debug|x64
		Debug|x86 = Debug|x86
		Release|x64 = Release|x64
		Release|x86 = Release|x86
	EndGlobalSection
	GlobalSection(ProjectConfigurationPlatforms) = postSolution
		{6AC70D4D-588F-43BA-885A-61ED8AD1DB89}.Debug|x64.ActiveCfg = Debug|x64
		{6AC70D4D-588F-43BA-885A-61ED8AD1DB89}.Debug|x64.Build.0 = Debug|x64
		{6AC70D4D-588F-43BA-885A-61ED8AD1DB89}.Debug|x86.ActiveCfg = Debug|Win32
		{6AC70D4D-588F-43BA-885A-61ED8AD1DB89}.Debug|x86.Build.0 = Debug|Win32
		{6AC70D4D-588F-43BA-885A-61ED8AD1DB89}.Release|x64.ActiveCfg = Release|x64
		{6AC70D4D-588F-43BA-885A-61ED8AD1DB89}.Release|x64.Build.0 = Release|x64
		{6AC70D4D-588F-43BA-885A-61ED8AD1DB89}.Release|x86.ActiveCfg = Release|Win32
		{6AC70D4D-588F-43BA-885A-61ED8AD1DB89}.Release|x86.Build.0 = Release|Win32
		{8047B669-C727-4209-85B8-557705E9421D}.Debug|x64.ActiveCfg = Debug|x64
		{8047B669-C727-4209-85B8-557705E9421D}.Debug|x64.Build.0 = Debug|x64
		{8047B669-C727-4209-85B8-557705E9421D}.Debug|x86.ActiveCfg = Debug|Win32
		{8047B669-C727-4209-85B8-557705E9421D}.Debug|x86.Build.0 = Debug|Win32
		{8047B669-C727-4209-85B8-557705E9421D}.Release|x64.ActiveCfg = Release|x64
		{8047B669-C727-4209-85B8-557705E9421D}.Release|x64.Build.0 = Release|x64
		{8047B669-C727-4209-85B8-557705E9421D}.Release|x86.ActiveCfg = Release|Win32
		{8047B669-C727-4209-85B8-557705E9421D}.Release|x86.Build.0 = Release|Win32
		{8B72DD84-DEC1-4996-B8DE-EE4CE6A9738C}.Debug|x64.ActiveCfg = Debug|x64
		{8B72DD84-DEC1-4996-B8DE-EE4CE6A9738C}.Debug|x64.Build.0 = Debug|x64
		{8B72DD84-DEC1-4996-B8DE-EE4CE6A9738C}.Debug|x86.ActiveCfg = Debug|Win32
		{8B72DD84-DEC1-4996-B8DE-EE4CE6A9738C}.Debug|x86.Build.0 = Debug|Win32
		{8B72DD84-DEC1-4996-B8DE-EE4CE6A9738C}.Release|x64.ActiveCfg = Release|x64
		{8B72DD84-DEC1-4996-B8DE-EE4CE6A9738C}.Release|x64.Build.0 = Release|x64
		{8B72DD84-DEC1-4996-B8DE-EE4CE6A9738C}.Release|x86.ActiveCfg = Release|Win32
		{8B72DD84-DEC1-4996-B8DE-EE4CE6A9738C}.Release|x86.Build.0 = Release|Win32
		{34F313E8-3E74-4FCC-8EC5-1661169D2290}.Debug|x64.ActiveCfg = Debug|x64
		{34F313E8-3E74-4FCC-8EC5-1661169D2290}.Debug|x64.Build.0 = Debug|x64
		{34F313E8-3E74-4FCC-8EC5-1661169D2290}.Debug|x86.ActiveCfg = Debug|Win32
		{34F313E8-3E74-4FCC-8EC5-1661169D2290}.Debug|x86.Build.0 = Debug|Win32
		{34F313E8-3E74-4FCC-8EC5-1661169D2290}.Release|x64.ActiveCfg = Release|x64
		{34F313E8-3E74-4FCC-8EC5-1661169D2290}.Release|x64.Build.0 = Release|x64
		{34F313E8-3E74-4FCC-8EC5-1661169D2290}.Release|x86.ActiveCfg = Release|Win32
		{34F313E8-3E74-4FCC-8EC5-1661169D2290}.Release|x86.Build.0 = Release|Win32
		{5CAA1F78-2A74-4BC9-BB16-A555B9D076A6}.Debug|x64.ActiveCfg = Debug|x64
		{5CAA1F78-2A74-4BC9-BB16-A555B9D076A6}.Debug|x64.Build.0 = Debug|x64
		{5CAA1F78-2A74-4BC9-BB16-A555B9D076A6}.Debug|x86.ActiveCfg = Debug|Win32
		{5CAA1F78-2A74-4BC9-BB16-A555B9D076A6}.Debug|x86.Build.0 = Debug|Win32
		{5CAA1F78-2A74-4BC9-BB16-A555B9D076A6}.Release|x64.ActiveCfg = Release|x64
		{5CAA1F78-2A74-4BC9-BB16-A555B9D076A6}.Release|x64.Build.0 = Release|x64
		{5CAA1F78-2A74-4BC9-BB16-A555B9D076A6}.Release|x86.ActiveCfg = Release|Win32
		{5CAA1F78-2A74-4BC9-BB16-A555B9D076A6}.Release|x86.Build.0 = Release|Win32
		{EE9487FE-05F2-43C3-A987-ED1138E66712}.Debug|x64.ActiveCfg = Debug|x64
		{EE9487FE-05F2-43C3-A987-ED1138E66712}.Debug|x64.Build.0 = Debug|x64
		{EE9487FE-05F2-43C3-A987-ED1138E66712}.Debug|x86.ActiveCfg = Debug|Win32
		{EE9487FE-05F2-43C3-A987-ED1138E66712}.Debug|x86.Build.0 = Debug|Win32
		{EE9487FE-05F2-43C3-A987-ED1138E66712}.Release|x64.ActiveCfg = Release|x64
		{EE9487FE-05F2-43C3-A987-ED1138E66712}.Release|x64.Build.0 = Release|x64
		{EE9487FE-05F2-43C3-A987-ED1138E66712}.Release|x86.ActiveCfg = Release|Win32
		{EE9487FE-05F2-43C3-A987-ED1138E66712}.Release|x86.Build.0 = Release|Win32
		{B9486801-09AF-481E-B570-A0B5C0E9896A}.Debug|x64.ActiveCfg = Debug|x64
		{B9486801-09AF-481E-B570-A0B5C0E9896A}.Debug|x64.Build.0 = Debug|x64
		{B9486801-09AF-481E-B570-A0B5C0E9896A}.Debug|x86.ActiveCfg = Debug|Win32
		{B9486801-09AF-481E-B570-A0B5C0E9896A}.Debug|x86.Build.0 = Debug|Win32
		{B9486801-09AF-481E-B570-A0B5C0E9896A}.Release|x64.ActiveCfg = Release|x64
		{B9486801-09AF-481E-B570-A0B5C0E9896A}.Release|x64.Build.0 = Release|x64
		{B9486801-09AF-481E-B570-A0B5C0E9896A}.Release|x86.ActiveCfg = Release|Win32
		{B9486801-09AF-481E-B570-A0B5C0E9896A}.Release|x86.Build.0 = Release|Win32
		{8742C188-ADA6-4B00-B841-B3AA6FC635A9}.Debug|x64.ActiveCfg = Debug|x64
		{8742C188-ADA6-4B00-B841-B3AA6FC635A9}.Debug|x64.Build.0 = Debug|x64
		{8742C188-ADA6-4B00-B841-B3AA6FC635A9}.Debug|x86.ActiveCfg = Debug|Win32
		{8742C188-ADA6-4B00-B841-B3AA6FC635A9}.Debug|x86.Build.0 = Debug|Win32
		{8742C188-ADA6-4B00-B841-B3AA6FC635A9}.Release|x64.ActiveCfg = Release|x64
		{8742C188-ADA6-4B00-B841-B3AA6FC635A9}.Release|x64.Build.0 = Release|x64
		{8742C188-ADA6-4B00-B841-B3AA6FC635A9}.Release|x86.ActiveCfg = Release|Win32
		{8742C188-ADA6-4B00-B841-B3AA6FC635A9}.Release|x86.Build.0 = Release|Win32
	EndGlobalSection
	GlobalSection(SolutionProperties) = preSolution
		HideSolutionNode = FALSE
	EndGlobalSection
	GlobalSection(ExtensibilityGlobals) = postSolution
		SolutionGuid = {78E02CFE-D77E-4BCD-A594-20AA2D83092B}
	EndGlobalSection
EndGlobal
